{
    "_readme": [
        "This file locks the dependencies of your project to a known state",
        "Read more about it at https://getcomposer.org/doc/01-basic-usage.md#composer-lock-the-lock-file",
        "This file is @generated automatically"
    ],
    "content-hash": "c81b19ddfdc1edbdfd9332b720404916",
    "packages": [
        {
            "name": "hypothermic/objectstorm",
            "version": "0.1",
            "source": {
                "type": "git",
                "url": "git@github.com:hypothermic/objectstorm.git",
                "reference": "0497c97dfe308776b8b0ca1ff9f00d075aebe5b3"
            },
            "dist": {
                "type": "zip",
                "url": "https://api.github.com/repos/hypothermic/objectstorm/zipball/0497c97dfe308776b8b0ca1ff9f00d075aebe5b3",
                "reference": "0497c97dfe308776b8b0ca1ff9f00d075aebe5b3",
                "shasum": ""
            },
            "require": {
                "ext-pdo": "*",
                "minime/annotations": "~3.0",
                "php": ">=7.2.0"
            },
            "type": "library",
            "autoload": {
                "psr-4": {
                    "HypothermicIT\\ObjectStorm\\": "src/",
                    "HypothermicIT\\ObjectStorm\\Annotations\\": "src/annotations"
                }
            },
            "license": [
                "MIT"
            ],
            "authors": [
                {
                    "name": "hypothermic",
                    "email": "admin@hypothermic.nl"
                }
            ],
            "description": "An ORM library similar to Android's Room persistence library.",
            "homepage": "https://github.com/hypothermic/objectstorm",
            "keywords": [
                "database",
                "orm"
            ],
            "support": {
                "source": "https://github.com/hypothermic/objectstorm/tree/0.1",
                "issues": "https://github.com/hypothermic/objectstorm/issues"
            },
            "time": "2019-11-22T18:36:54+00:00"
        },
        {
            "name": "minime/annotations",
            "version": "v3.x-dev",
            "source": {
                "type": "git",
                "url": "https://github.com/marcioAlmada/annotations.git",
                "reference": "b7aa7be246d49dcf901f6795441989f7895731a6"
            },
            "dist": {
                "type": "zip",
                "url": "https://api.github.com/repos/marcioAlmada/annotations/zipball/b7aa7be246d49dcf901f6795441989f7895731a6",
                "reference": "b7aa7be246d49dcf901f6795441989f7895731a6",
                "shasum": ""
            },
            "require": {
                "ext-json": "*",
                "nikic/php-parser": "~1.0",
                "php": ">=5.4.0",
                "regex-guard/regex-guard": "~1.0"
            },
            "require-dev": {
                "mockery/mockery": "dev-master"
            },
            "type": "library",
            "autoload": {
                "psr-4": {
                    "Minime\\Annotations\\": "src/"
                }
            },
            "notification-url": "https://packagist.org/downloads/",
            "license": [
                "MIT"
            ],
            "authors": [
                {
                    "name": "Márcio Almada",
                    "email": "marcio3w@gmail.com",
                    "homepage": "https://github.com/marcioAlmada/"
                }
            ],
            "description": "The KISS PHP annotations library",
            "keywords": [
                "annotations",
                "docblock",
                "metadata",
                "php",
                "reflection"
            ],
            "time": "2016-09-19T15:32:27+00:00"
        },
        {
            "name": "nikic/php-parser",
            "version": "1.x-dev",
            "source": {
                "type": "git",
                "url": "https://github.com/nikic/PHP-Parser.git",
                "reference": "c4bbc8e236a1f21b2b17cfbf3d46aa6ece69b9f7"
            },
            "dist": {
                "type": "zip",
                "url": "https://api.github.com/repos/nikic/PHP-Parser/zipball/c4bbc8e236a1f21b2b17cfbf3d46aa6ece69b9f7",
                "reference": "c4bbc8e236a1f21b2b17cfbf3d46aa6ece69b9f7",
                "shasum": ""
            },
            "require": {
                "ext-tokenizer": "*",
                "php": ">=5.3"
            },
            "type": "library",
            "extra": {
                "branch-alias": {
                    "dev-master": "1.4-dev"
                }
            },
            "autoload": {
                "files": [
                    "lib/bootstrap.php"
                ]
            },
            "notification-url": "https://packagist.org/downloads/",
            "license": [
                "BSD-3-Clause"
            ],
            "authors": [
                {
                    "name": "Nikita Popov"
                }
            ],
            "description": "A PHP parser written in PHP",
            "keywords": [
                "parser",
                "php"
            ],
            "time": "2016-01-15T21:03:42+00:00"
        },
        {
            "name": "regex-guard/regex-guard",
            "version": "1.1.0",
            "source": {
                "type": "git",
                "url": "https://github.com/marcioAlmada/regex-guard.git",
                "reference": "dc9a8199f4ebef4c21603ad1f6a8cb53542e7d29"
            },
            "dist": {
                "type": "zip",
                "url": "https://api.github.com/repos/marcioAlmada/regex-guard/zipball/dc9a8199f4ebef4c21603ad1f6a8cb53542e7d29",
                "reference": "dc9a8199f4ebef4c21603ad1f6a8cb53542e7d29",
                "shasum": ""
            },
            "require-dev": {
                "mockery/mockery": "dev-master"
            },
            "type": "library",
            "autoload": {
                "psr-4": {
                    "RegexGuard\\": "src/"
                }
            },
            "notification-url": "https://packagist.org/downloads/",
            "license": [
                "MIT"
            ],
            "authors": [
                {
                    "name": "Márcio Almada",
                    "email": "marcio3w@gmail.com",
                    "homepage": "https://github.com/marcioAlmada/"
                }
            ],
            "description": "A wrapper that allows you to validate regular expressions and handle normally uncatchable PCRE compilation warnings",
            "keywords": [
                "PCRE",
                "preg",
                "regex",
                "regexp",
                "support",
                "utils"
            ],
            "time": "2014-09-17T18:04:00+00:00"
        }
    ],
    "packages-dev": [],
    "aliases": [],
    "minimum-stability": "dev",
    "stability-flags": [],
    "prefer-stable": false,
    "prefer-lowest": false,
    "platform": [],
    "platform-dev": []
}
